
Microsoft Visual Studio Solution File, Format Version 12.00
# Visual Studio Version 17
VisualStudioVersion = 17.10.34818.151
MinimumVisualStudioVersion = 10.0.40219.1
Project("{9A19103F-16F7-4668-BE54-9A1E7A4F7556}") = "ProbabilisticMemoryCacheExpiration", "ProbabilisticMemoryCacheExpiration\ProbabilisticMemoryCacheExpiration.csproj", "{41FED018-1692-4BAA-AB6C-6F28987EAA55}"
EndProject
Project("{9A19103F-16F7-4668-BE54-9A1E7A4F7556}") = "MemoryCache.ProbabilisticExpiration.Test", "ProbabilisticMemoryCacheExpiration.Tests\MemoryCache.ProbabilisticExpiration.Test.csproj", "{2BAE8A29-5F58-4140-B826-F495CF98B2A0}"
EndProject
Project("{2150E333-8FDC-42A3-9474-1A3956D46DE8}") = "Solution Items", "Solution Items", "{1F5CF670-F8CC-4A8D-A931-C36CBC203734}"
	ProjectSection(SolutionItems) = preProject
		.editorconfig = .editorconfig
		Directory.Build.props = Directory.Build.props
		LICENSE = LICENSE
		README.md = README.md
	EndProjectSection
EndProject
Global
	GlobalSection(SolutionConfigurationPlatforms) = preSolution
		Debug|Any CPU = Debug|Any CPU
		Release|Any CPU = Release|Any CPU
	EndGlobalSection
	GlobalSection(ProjectConfigurationPlatforms) = postSolution
		{41FED018-1692-4BAA-AB6C-6F28987EAA55}.Debug|Any CPU.ActiveCfg = Debug|Any CPU
		{41FED018-1692-4BAA-AB6C-6F28987EAA55}.Debug|Any CPU.Build.0 = Debug|Any CPU
		{41FED018-1692-4BAA-AB6C-6F28987EAA55}.Release|Any CPU.ActiveCfg = Release|Any CPU
		{41FED018-1692-4BAA-AB6C-6F28987EAA55}.Release|Any CPU.Build.0 = Release|Any CPU
		{2BAE8A29-5F58-4140-B826-F495CF98B2A0}.Debug|Any CPU.ActiveCfg = Debug|Any CPU
		{2BAE8A29-5F58-4140-B826-F495CF98B2A0}.Debug|Any CPU.Build.0 = Debug|Any CPU
		{2BAE8A29-5F58-4140-B826-F495CF98B2A0}.Release|Any CPU.ActiveCfg = Release|Any CPU
		{2BAE8A29-5F58-4140-B826-F495CF98B2A0}.Release|Any CPU.Build.0 = Release|Any CPU
	EndGlobalSection
	GlobalSection(SolutionProperties) = preSolution
		HideSolutionNode = FALSE
	EndGlobalSection
	GlobalSection(ExtensibilityGlobals) = postSolution
		SolutionGuid = {882699B8-9530-4B89-9354-97F2223B702D}
	EndGlobalSection
EndGlobal
